
Microsoft Visual Studio Solution File, Format Version 12.00
# Visual Studio Version 17
VisualStudioVersion = 17.1.32421.90
MinimumVisualStudioVersion = 10.0.40219.1
Project("{FAE04EC0-301F-11D3-BF4B-00C04F79EFBC}") = "Adventures_don't_wait", "Adventures_don't_wait\Adventures_don't_wait.csproj", "{BA0E00BA-7DA6-4338-AA55-70FBDDB034D1}"
EndProject
Global
	GlobalSection(SolutionConfigurationPlatforms) = preSolution
		Debug|Any CPU = Debug|Any CPU
		Release|Any CPU = Release|Any CPU
	EndGlobalSection
	GlobalSection(ProjectConfigurationPlatforms) = postSolution
		{BA0E00BA-7DA6-4338-AA55-70FBDDB034D1}.Debug|Any CPU.ActiveCfg = Debug|Any CPU
		{BA0E00BA-7DA6-4338-AA55-70FBDDB034D1}.Debug|Any CPU.Build.0 = Debug|Any CPU
		{BA0E00BA-7DA6-4338-AA55-70FBDDB034D1}.Release|Any CPU.ActiveCfg = Release|Any CPU
		{BA0E00BA-7DA6-4338-AA55-70FBDDB034D1}.Release|Any CPU.Build.0 = Release|Any CPU
	EndGlobalSection
	GlobalSection(SolutionProperties) = preSolution
		HideSolutionNode = FALSE
	EndGlobalSection
	GlobalSection(ExtensibilityGlobals) = postSolution
		SolutionGuid = {8612B6E2-D511-4831-82B4-887A3814AD31}
	EndGlobalSection
EndGlobal
